
Microsoft Visual Studio Solution File, Format Version 12.00
# Visual Studio Version 17
VisualStudioVersion = 17.4.33213.308
MinimumVisualStudioVersion = 10.0.40219.1
Project("{9A19103F-16F7-4668-BE54-9A1E7A4F7556}") = "BDOhehe", "BDOhehe.csproj", "{0E0DBB70-CF1E-41FB-9529-3FE3119CDBF4}"
EndProject
Global
	GlobalSection(SolutionConfigurationPlatforms) = preSolution
		Debug|Any CPU = Debug|Any CPU
		Release|Any CPU = Release|Any CPU
	EndGlobalSection
	GlobalSection(ProjectConfigurationPlatforms) = postSolution
		{0E0DBB70-CF1E-41FB-9529-3FE3119CDBF4}.Debug|Any CPU.ActiveCfg = Debug|Any CPU
		{0E0DBB70-CF1E-41FB-9529-3FE3119CDBF4}.Debug|Any CPU.Build.0 = Debug|Any CPU
		{0E0DBB70-CF1E-41FB-9529-3FE3119CDBF4}.Release|Any CPU.ActiveCfg = Release|Any CPU
		{0E0DBB70-CF1E-41FB-9529-3FE3119CDBF4}.Release|Any CPU.Build.0 = Release|Any CPU
	EndGlobalSection
	GlobalSection(SolutionProperties) = preSolution
		HideSolutionNode = FALSE
	EndGlobalSection
	GlobalSection(ExtensibilityGlobals) = postSolution
		SolutionGuid = {4526EA8E-AB1E-4FE9-A166-55B61AB0390B}
	EndGlobalSection
EndGlobal
